
Microsoft Visual Studio Solution File, Format Version 12.00
# Visual Studio Version 17
VisualStudioVersion = 17.4.33213.308
MinimumVisualStudioVersion = 10.0.40219.1
Project("{9A19103F-16F7-4668-BE54-9A1E7A4F7556}") = "ChillsoftMinutesAPI", "ChillsoftMinutesAPI\ChillsoftMinutesAPI.csproj", "{57E94E05-F0C3-4323-AF4A-33DD9EBCE83D}"
EndProject
Global
	GlobalSection(SolutionConfigurationPlatforms) = preSolution
		Debug|Any CPU = Debug|Any CPU
		Release|Any CPU = Release|Any CPU
	EndGlobalSection
	GlobalSection(ProjectConfigurationPlatforms) = postSolution
		{57E94E05-F0C3-4323-AF4A-33DD9EBCE83D}.Debug|Any CPU.ActiveCfg = Debug|Any CPU
		{57E94E05-F0C3-4323-AF4A-33DD9EBCE83D}.Debug|Any CPU.Build.0 = Debug|Any CPU
		{57E94E05-F0C3-4323-AF4A-33DD9EBCE83D}.Release|Any CPU.ActiveCfg = Release|Any CPU
		{57E94E05-F0C3-4323-AF4A-33DD9EBCE83D}.Release|Any CPU.Build.0 = Release|Any CPU
	EndGlobalSection
	GlobalSection(SolutionProperties) = preSolution
		HideSolutionNode = FALSE
	EndGlobalSection
	GlobalSection(ExtensibilityGlobals) = postSolution
		SolutionGuid = {3A93D2ED-61E1-4EC3-8A06-F68D11EB4B66}
	EndGlobalSection
EndGlobal
